
Microsoft Visual Studio Solution File, Format Version 12.00
# Visual Studio Version 17
VisualStudioVersion = 17.10.35013.160
MinimumVisualStudioVersion = 10.0.40219.1
Project("{FAE04EC0-301F-11D3-BF4B-00C04F79EFBC}") = "DotnetAwsS3BucketConnectionExample", "DotnetAwsS3BucketConnectionExample\DotnetAwsS3BucketConnectionExample.csproj", "{B12D861B-9CEB-4B53-B67C-1E3F6629C866}"
EndProject
Global
	GlobalSection(SolutionConfigurationPlatforms) = preSolution
		Debug|Any CPU = Debug|Any CPU
		Release|Any CPU = Release|Any CPU
	EndGlobalSection
	GlobalSection(ProjectConfigurationPlatforms) = postSolution
		{B12D861B-9CEB-4B53-B67C-1E3F6629C866}.Debug|Any CPU.ActiveCfg = Debug|Any CPU
		{B12D861B-9CEB-4B53-B67C-1E3F6629C866}.Debug|Any CPU.Build.0 = Debug|Any CPU
		{B12D861B-9CEB-4B53-B67C-1E3F6629C866}.Release|Any CPU.ActiveCfg = Release|Any CPU
		{B12D861B-9CEB-4B53-B67C-1E3F6629C866}.Release|Any CPU.Build.0 = Release|Any CPU
	EndGlobalSection
	GlobalSection(SolutionProperties) = preSolution
		HideSolutionNode = FALSE
	EndGlobalSection
	GlobalSection(ExtensibilityGlobals) = postSolution
		SolutionGuid = {A8E9A590-6F07-43D0-A25C-34A5DA1DFA96}
	EndGlobalSection
EndGlobal
